
Microsoft Visual Studio Solution File, Format Version 11.00
# Visual Studio 2010
Project("{8BC9CEB8-8B4A-11D0-8D11-00A0C91BC942}") = "fuyin_dayin_different0", "fuyin_dayin_different0\fuyin_dayin_different0.vcxproj", "{9B453653-75EB-4F35-8A7B-678C52B3D1B9}"
EndProject
Global
	GlobalSection(SolutionConfigurationPlatforms) = preSolution
		Debug|Win32 = Debug|Win32
		Release|Win32 = Release|Win32
	EndGlobalSection
	GlobalSection(ProjectConfigurationPlatforms) = postSolution
		{9B453653-75EB-4F35-8A7B-678C52B3D1B9}.Debug|Win32.ActiveCfg = Debug|Win32
		{9B453653-75EB-4F35-8A7B-678C52B3D1B9}.Debug|Win32.Build.0 = Debug|Win32
		{9B453653-75EB-4F35-8A7B-678C52B3D1B9}.Release|Win32.ActiveCfg = Release|Win32
		{9B453653-75EB-4F35-8A7B-678C52B3D1B9}.Release|Win32.Build.0 = Release|Win32
	EndGlobalSection
	GlobalSection(SolutionProperties) = preSolution
		HideSolutionNode = FALSE
	EndGlobalSection
EndGlobal
